<?xml version="1.0" encoding="utf-8"?>
<Project ToolsVersion="4.0" xmlns="http://schemas.microsoft.com/developer/msbuild/2003">
  <ItemGroup>
    <Filter Include="Source Files">
      <UniqueIdentifier>{88ce546a-d592-43dd-a9ea-f33c5b32d6d7}</UniqueIdentifier>
      <Extensions>cpp;c;cxx;rc;def;r;odl;idl;hpj;bat</Extensions>
    </Filter>
    <Filter Include="Source Files\UltimateGrid">
      <UniqueIdentifier>{d238600a-cb9e-45f6-9b83-17fe545d500b}</UniqueIdentifier>
    </Filter>
    <Filter Include="Header Files">
      <UniqueIdentifier>{8b30db0c-4704-46be-87df-19d611cd66f4}</UniqueIdentifier>
      <Extensions>h;hpp;hxx;hm;inl</Extensions>
    </Filter>
    <Filter Include="Resource Files">
      <UniqueIdentifier>{aa31425a-8027-4c02-8262-de119965504c}</UniqueIdentifier>
      <Extensions>ico;cur;bmp;dlg;rc2;rct;bin;rgs;gif;jpg;jpeg;jpe</Extensions>
    </Filter>
    <Filter Include="Help Files">
      <UniqueIdentifier>{af6f34e0-a89b-4762-9251-9a3b360131de}</UniqueIdentifier>
      <Extensions>cnt;rtf</Extensions>
    </Filter>
    <Filter Include="Runtime Configuration">
      <UniqueIdentifier>{566fe011-4472-4f15-8fde-fa1121d63751}</UniqueIdentifier>
      <ParseFiles>false</ParseFiles>
    </Filter>
    <Filter Include="Runtime Scenarios">
      <UniqueIdentifier>{ED383F72-AB62-42C9-AC8C-7FA60CA0C7BC}</UniqueIdentifier>
      <ParseFiles>false</ParseFiles>
    </Filter>
  </ItemGroup>
  <ItemGroup>
    <ClCompile Include="AddEntityDlg.cpp">
      <Filter>Source Files</Filter>
    </ClCompile>
    <ClCompile Include="ArtPart.cpp">
      <Filter>Source Files</Filter>
    </ClCompile>
    <ClCompile Include="AttachPoint.cpp">
      <Filter>Source Files</Filter>
    </ClCompile>
    <ClCompile Include="BaseCompPropPage.cpp">
      <Filter>Source Files</Filter>
    </ClCompile>
    <ClCompile Include="BaseStateView.cpp">
      <Filter>Source Files</Filter>
    </ClCompile>
    <ClCompile Include="..\cas.cpp">
      <Filter>Source Files</Filter>
    </ClCompile>
    <ClCompile Include="CheckList.cpp">
      <Filter>Source Files</Filter>
    </ClCompile>
    <ClCompile Include="CigiEvent.cpp">
      <Filter>Source Files</Filter>
    </ClCompile>
    <ClCompile Include="CigiView.cpp">
      <Filter>Source Files</Filter>
    </ClCompile>
    <ClCompile Include="CollisionSeg.cpp">
      <Filter>Source Files</Filter>
    </ClCompile>
    <ClCompile Include="CollisionVol.cpp">
      <Filter>Source Files</Filter>
    </ClCompile>
    <ClCompile Include="..\ComboBoxVariant.cpp">
      <Filter>Source Files</Filter>
    </ClCompile>
    <ClCompile Include="..\common.cpp">
      <Filter>Source Files</Filter>
    </ClCompile>
    <ClCompile Include="Component.cpp">
      <Filter>Source Files</Filter>
    </ClCompile>
    <ClCompile Include="ConfigDlg.cpp">
      <Filter>Source Files</Filter>
    </ClCompile>
    <ClCompile Include="ConfigTempl.cpp">
      <Filter>Source Files</Filter>
    </ClCompile>
    <ClCompile Include="ConfigTemplArtPart.cpp">
      <Filter>Source Files</Filter>
    </ClCompile>
    <ClCompile Include="ConfigTemplAttachPoint.cpp">
      <Filter>Source Files</Filter>
    </ClCompile>
    <ClCompile Include="ConfigTemplCollisionSeg.cpp">
      <Filter>Source Files</Filter>
    </ClCompile>
    <ClCompile Include="ConfigTemplCollisionVol.cpp">
      <Filter>Source Files</Filter>
    </ClCompile>
    <ClCompile Include="ConfigTemplComponent.cpp">
      <Filter>Source Files</Filter>
    </ClCompile>
    <ClCompile Include="ConfigTemplDatabase.cpp">
      <Filter>Source Files</Filter>
    </ClCompile>
    <ClCompile Include="ConfigTemplEntity.cpp">
      <Filter>Source Files</Filter>
    </ClCompile>
    <ClCompile Include="ConfigTemplGlobalEnv.cpp">
      <Filter>Source Files</Filter>
    </ClCompile>
    <ClCompile Include="ConfigTemplInternal.cpp">
      <Filter>Source Files</Filter>
    </ClCompile>
    <ClCompile Include="ConfigTemplView.cpp">
      <Filter>Source Files</Filter>
    </ClCompile>
    <ClCompile Include="ConfigTemplViewGroup.cpp">
      <Filter>Source Files</Filter>
    </ClCompile>
    <ClCompile Include="ConfigTemplWeather.cpp">
      <Filter>Source Files</Filter>
    </ClCompile>
    <ClCompile Include="ConfigWnd.cpp">
      <Filter>Source Files</Filter>
    </ClCompile>
    <ClCompile Include="..\coordcnv\coordcnv.c">
      <Filter>Source Files</Filter>
    </ClCompile>
    <ClCompile Include="DataManager.cpp">
      <Filter>Source Files</Filter>
    </ClCompile>
    <ClCompile Include="DBDialogBar.cpp">
      <Filter>Source Files</Filter>
    </ClCompile>
    <ClCompile Include="DebugTrace.cpp">
      <Filter>Source Files</Filter>
    </ClCompile>
    <ClCompile Include="..\DirDialog.cpp">
      <Filter>Source Files</Filter>
    </ClCompile>
    <ClCompile Include="DlgConfigBase.cpp">
      <Filter>Source Files</Filter>
    </ClCompile>
    <ClCompile Include="DlgConfigEntities.cpp">
      <Filter>Source Files</Filter>
    </ClCompile>
    <ClCompile Include="DlgConfigEnv.cpp">
      <Filter>Source Files</Filter>
    </ClCompile>
    <ClCompile Include="DlgConfigTerrain.cpp">
      <Filter>Source Files</Filter>
    </ClCompile>
    <ClCompile Include="DlgConfigViews.cpp">
      <Filter>Source Files</Filter>
    </ClCompile>
    <ClCompile Include="EditKbd.cpp">
      <Filter>Source Files</Filter>
    </ClCompile>
    <ClCompile Include="Entity.cpp">
      <Filter>Source Files</Filter>
    </ClCompile>
    <ClCompile Include="EntityArtPartPropPage.cpp">
      <Filter>Source Files</Filter>
    </ClCompile>
    <ClCompile Include="EntityCollDetPropPage.cpp">
      <Filter>Source Files</Filter>
    </ClCompile>
    <ClCompile Include="EntityHATPropPage.cpp">
      <Filter>Source Files</Filter>
    </ClCompile>
    <ClCompile Include="EntityLOSPropPage.cpp">
      <Filter>Source Files</Filter>
    </ClCompile>
    <ClCompile Include="EntityMissilePropPage.cpp">
      <Filter>Source Files</Filter>
    </ClCompile>
    <ClCompile Include="EntityStateView.cpp">
      <Filter>Source Files</Filter>
    </ClCompile>
    <ClCompile Include="EntityTreeView.cpp">
      <Filter>Source Files</Filter>
    </ClCompile>
    <ClCompile Include="EntityWeatherPropPage.cpp">
      <Filter>Source Files</Filter>
    </ClCompile>
    <ClCompile Include="EnvTreeView.cpp">
      <Filter>Source Files</Filter>
    </ClCompile>
    <ClCompile Include="FilterIncomingDlg.cpp">
      <Filter>Source Files</Filter>
    </ClCompile>
    <ClCompile Include="FilterOutgoingDlg.cpp">
      <Filter>Source Files</Filter>
    </ClCompile>
    <ClCompile Include="FilterPacketsDlg.cpp">
      <Filter>Source Files</Filter>
    </ClCompile>
    <ClCompile Include="FlyDlg.cpp">
      <Filter>Source Files</Filter>
    </ClCompile>
    <ClCompile Include="JoystickInput.cpp">
      <Filter>Source Files</Filter>
    </ClCompile>
    <ClCompile Include="GlobalEnv.cpp">
      <Filter>Source Files</Filter>
    </ClCompile>
    <ClCompile Include="globals.cpp">
      <Filter>Source Files</Filter>
    </ClCompile>
    <ClCompile Include="Hat.cpp">
      <Filter>Source Files</Filter>
    </ClCompile>
    <ClCompile Include="Hemu4.cpp">
      <Filter>Source Files</Filter>
    </ClCompile>
    <ClCompile Include="HemuDoc.cpp">
      <Filter>Source Files</Filter>
    </ClCompile>
    <ClCompile Include="..\hemumsg.cpp">
      <Filter>Source Files</Filter>
    </ClCompile>
    <ClCompile Include="HemuView.cpp">
      <Filter>Source Files</Filter>
    </ClCompile>
    <ClCompile Include="HistoryGraph.cpp">
      <Filter>Source Files</Filter>
    </ClCompile>
    <ClCompile Include="IDManager.cpp">
      <Filter>Source Files</Filter>
    </ClCompile>
    <ClCompile Include="JoyWnd.cpp">
      <Filter>Source Files</Filter>
    </ClCompile>
    <ClCompile Include="ListCtrlCustDraw.cpp">
      <Filter>Source Files</Filter>
    </ClCompile>
    <ClCompile Include="Los.cpp">
      <Filter>Source Files</Filter>
    </ClCompile>
    <ClCompile Include="MainFrm.cpp">
      <Filter>Source Files</Filter>
    </ClCompile>
    <ClCompile Include="MessageView.cpp">
      <Filter>Source Files</Filter>
    </ClCompile>
    <ClCompile Include="NoMWComboBox.cpp">
      <Filter>Source Files</Filter>
    </ClCompile>
    <ClCompile Include="NoMWComboBoxEx.cpp">
      <Filter>Source Files</Filter>
    </ClCompile>
    <ClCompile Include="ObjectStateView.cpp">
      <Filter>Source Files</Filter>
    </ClCompile>
    <ClCompile Include="ObjectTreeView.cpp">
      <Filter>Source Files</Filter>
    </ClCompile>
    <ClCompile Include="ExternalTabConfig.cpp">
      <Filter>Source Files</Filter>
    </ClCompile>
    <ClCompile Include="ExternalToolHostPage.cpp">
      <Filter>Source Files</Filter>
    </ClCompile>
    <ClCompile Include="OutputView.cpp">
      <Filter>Source Files</Filter>
    </ClCompile>
    <ClCompile Include="PacketDlgArtpartControl.cpp">
      <Filter>Source Files</Filter>
    </ClCompile>
    <ClCompile Include="PacketDlgAtmosphereControl.cpp">
      <Filter>Source Files</Filter>
    </ClCompile>
    <ClCompile Include="PacketDlgCdSegmentDef.cpp">
      <Filter>Source Files</Filter>
    </ClCompile>
    <ClCompile Include="PacketDlgCdVolumeDef.cpp">
      <Filter>Source Files</Filter>
    </ClCompile>
    <ClCompile Include="PacketDlgCelestialSphereControl.cpp">
      <Filter>Source Files</Filter>
    </ClCompile>
    <ClCompile Include="PacketDlgComponentControl.cpp">
      <Filter>Source Files</Filter>
    </ClCompile>
    <ClCompile Include="PacketDlgEntityControl.cpp">
      <Filter>Source Files</Filter>
    </ClCompile>
    <ClCompile Include="PacketDlgEnvConditionsReq.cpp">
      <Filter>Source Files</Filter>
    </ClCompile>
    <ClCompile Include="PacketDlgEnvRegionControl.cpp">
      <Filter>Source Files</Filter>
    </ClCompile>
    <ClCompile Include="PacketDlgERMDef.cpp">
      <Filter>Source Files</Filter>
    </ClCompile>
    <ClCompile Include="PacketDlgHatHotReq.cpp">
      <Filter>Source Files</Filter>
    </ClCompile>
    <ClCompile Include="PacketDlgIGControl.cpp">
      <Filter>Source Files</Filter>
    </ClCompile>
    <ClCompile Include="PacketDlgLosSegmentReq.cpp">
      <Filter>Source Files</Filter>
    </ClCompile>
    <ClCompile Include="PacketDlgLosVectorReq.cpp">
      <Filter>Source Files</Filter>
    </ClCompile>
    <ClCompile Include="PacketDlgMaritimeCondControl.cpp">
      <Filter>Source Files</Filter>
    </ClCompile>
    <ClCompile Include="PacketDlgMotionTrackerControl.cpp">
      <Filter>Source Files</Filter>
    </ClCompile>
    <ClCompile Include="PacketDlgPositionReq.cpp">
      <Filter>Source Files</Filter>
    </ClCompile>
    <ClCompile Include="PacketDlgSensorControl.cpp">
      <Filter>Source Files</Filter>
    </ClCompile>
    <ClCompile Include="PacketDlgShortArtpartControl.cpp">
      <Filter>Source Files</Filter>
    </ClCompile>
    <ClCompile Include="PacketDlgShortComponentControl.cpp">
      <Filter>Source Files</Filter>
    </ClCompile>
    <ClCompile Include="PacketDlgShortSymbolControl.cpp">
      <Filter>Source Files</Filter>
    </ClCompile>
    <ClCompile Include="PacketDlgSymbolCircleDef.cpp">
      <Filter>Source Files</Filter>
    </ClCompile>
    <ClCompile Include="PacketDlgSymbolClone.cpp">
      <Filter>Source Files</Filter>
    </ClCompile>
    <ClCompile Include="PacketDlgSymbolControl.cpp">
      <Filter>Source Files</Filter>
    </ClCompile>
    <ClCompile Include="PacketDlgSymbolSurfaceDef.cpp">
      <Filter>Source Files</Filter>
    </ClCompile>
    <ClCompile Include="PacketDlgSymbolTextDef.cpp">
      <Filter>Source Files</Filter>
    </ClCompile>
    <ClCompile Include="PacketDlgTerrestrialCondControl.cpp">
      <Filter>Source Files</Filter>
    </ClCompile>
    <ClCompile Include="PacketDlgViewControl.cpp">
      <Filter>Source Files</Filter>
    </ClCompile>
    <ClCompile Include="PacketDlgViewDef.cpp">
      <Filter>Source Files</Filter>
    </ClCompile>
    <ClCompile Include="PacketDlgWaveControl.cpp">
      <Filter>Source Files</Filter>
    </ClCompile>
    <ClCompile Include="PacketDlgWeatherControl.cpp">
      <Filter>Source Files</Filter>
    </ClCompile>
    <ClCompile Include="PacketHandlers.cpp">
      <Filter>Source Files</Filter>
    </ClCompile>
    <ClCompile Include="PacketViewListCtrl.cpp">
      <Filter>Source Files</Filter>
    </ClCompile>
    <ClCompile Include="PacketWatchView.cpp">
      <Filter>Source Files</Filter>
    </ClCompile>
    <ClCompile Include="RadioList.cpp">
      <Filter>Source Files</Filter>
    </ClCompile>
    <ClCompile Include="RecPlaybackDlg.cpp">
      <Filter>Source Files</Filter>
    </ClCompile>
    <ClCompile Include="..\regutils.cpp">
      <Filter>Source Files</Filter>
    </ClCompile>
    <ClCompile Include="..\WindowsCompatibility.cpp">
      <Filter>Source Files</Filter>
    </ClCompile>
    <ClCompile Include="..\SharedBufferQueue.cpp">
      <Filter>Source Files</Filter>
    </ClCompile>
    <ClCompile Include="Script.cpp">
      <Filter>Source Files</Filter>
    </ClCompile>
    <ClCompile Include="ScriptDlg.cpp">
      <Filter>Source Files</Filter>
    </ClCompile>
    <ClCompile Include="ScriptHandlers.cpp">
      <Filter>Source Files</Filter>
    </ClCompile>
    <ClCompile Include="SetupDlg.cpp">
      <Filter>Source Files</Filter>
    </ClCompile>
    <ClCompile Include="SheetTabCtrl.cpp">
      <Filter>Source Files</Filter>
    </ClCompile>
    <ClCompile Include="SituationDispCtrl.cpp">
      <Filter>Source Files</Filter>
    </ClCompile>
    <ClCompile Include="SituationView.cpp">
      <Filter>Source Files</Filter>
    </ClCompile>
    <ClCompile Include="SkyStateView.cpp">
      <Filter>Source Files</Filter>
    </ClCompile>
    <ClCompile Include="StdAfx.cpp">
      <Filter>Source Files</Filter>
    </ClCompile>
    <ClCompile Include="SymbolCircleGrid.cpp">
      <Filter>Source Files</Filter>
    </ClCompile>
    <ClCompile Include="TerrainCondition.cpp">
      <Filter>Source Files</Filter>
    </ClCompile>
    <ClCompile Include="TerrainDB.cpp">
      <Filter>Source Files</Filter>
    </ClCompile>
    <ClCompile Include="TerrainStateView.cpp">
      <Filter>Source Files</Filter>
    </ClCompile>
    <ClCompile Include="TimingHistoryDlg.cpp">
      <Filter>Source Files</Filter>
    </ClCompile>
    <ClCompile Include="TranspStatic.cpp">
      <Filter>Source Files</Filter>
    </ClCompile>
    <ClCompile Include="TreeCtrlPassMsgs.cpp">
      <Filter>Source Files</Filter>
    </ClCompile>
    <ClCompile Include="ViewFrustumPropPage.cpp">
      <Filter>Source Files</Filter>
    </ClCompile>
    <ClCompile Include="ViewGroup.cpp">
      <Filter>Source Files</Filter>
    </ClCompile>
    <ClCompile Include="ViewGroupStateView.cpp">
      <Filter>Source Files</Filter>
    </ClCompile>
    <ClCompile Include="ViewStateView.cpp">
      <Filter>Source Files</Filter>
    </ClCompile>
    <ClCompile Include="ViewTreeView.cpp">
      <Filter>Source Files</Filter>
    </ClCompile>
    <ClCompile Include="Wave.cpp">
      <Filter>Source Files</Filter>
    </ClCompile>
    <ClCompile Include="Waypoint.cpp">
      <Filter>Source Files</Filter>
    </ClCompile>
    <ClCompile Include="Weather.cpp">
      <Filter>Source Files</Filter>
    </ClCompile>
    <ClCompile Include="WeatherStateView.cpp">
      <Filter>Source Files</Filter>
    </ClCompile>
    <ClCompile Include="UltimateGrid\Source\UGCBType.cpp">
      <Filter>Source Files\UltimateGrid</Filter>
    </ClCompile>
    <ClCompile Include="UltimateGrid\Source\UGCell.cpp">
      <Filter>Source Files\UltimateGrid</Filter>
    </ClCompile>
    <ClCompile Include="UltimateGrid\Source\UGCelTyp.cpp">
      <Filter>Source Files\UltimateGrid</Filter>
    </ClCompile>
    <ClCompile Include="UltimateGrid\Source\UGCnrBtn.cpp">
      <Filter>Source Files\UltimateGrid</Filter>
    </ClCompile>
    <ClCompile Include="UltimateGrid\Source\UGCTarrw.cpp">
      <Filter>Source Files\UltimateGrid</Filter>
    </ClCompile>
    <ClCompile Include="UltimateGrid\Source\UGCtrl.cpp">
      <Filter>Source Files\UltimateGrid</Filter>
    </ClCompile>
    <ClCompile Include="UltimateGrid\Source\UGDLType.cpp">
      <Filter>Source Files\UltimateGrid</Filter>
    </ClCompile>
    <ClCompile Include="UltimateGrid\Source\UGDrgDrp.cpp">
      <Filter>Source Files\UltimateGrid</Filter>
    </ClCompile>
    <ClCompile Include="UltimateGrid\Source\UGDrwHnt.cpp">
      <Filter>Source Files\UltimateGrid</Filter>
    </ClCompile>
    <ClCompile Include="UltimateGrid\Source\UGDtaSrc.cpp">
      <Filter>Source Files\UltimateGrid</Filter>
    </ClCompile>
    <ClCompile Include="UltimateGrid\Source\UGEdit.cpp">
      <Filter>Source Files\UltimateGrid</Filter>
    </ClCompile>
    <ClCompile Include="UltimateGrid\Source\UGEditBase.cpp">
      <Filter>Source Files\UltimateGrid</Filter>
    </ClCompile>
    <ClCompile Include="UltimateGrid\Source\ugformat.cpp">
      <Filter>Source Files\UltimateGrid</Filter>
    </ClCompile>
    <ClCompile Include="UltimateGrid\Source\uggdinfo.cpp">
      <Filter>Source Files\UltimateGrid</Filter>
    </ClCompile>
    <ClCompile Include="UltimateGrid\Source\UGGrid.cpp">
      <Filter>Source Files\UltimateGrid</Filter>
    </ClCompile>
    <ClCompile Include="UltimateGrid\Source\UGHint.cpp">
      <Filter>Source Files\UltimateGrid</Filter>
    </ClCompile>
    <ClCompile Include="UltimateGrid\Source\ughscrol.cpp">
      <Filter>Source Files\UltimateGrid</Filter>
    </ClCompile>
    <ClCompile Include="UltimateGrid\Source\ugLstBox.cpp">
      <Filter>Source Files\UltimateGrid</Filter>
    </ClCompile>
    <ClCompile Include="UltimateGrid\Source\UGMEdit.cpp">
      <Filter>Source Files\UltimateGrid</Filter>
    </ClCompile>
    <ClCompile Include="UltimateGrid\Source\UGMemMan.cpp">
      <Filter>Source Files\UltimateGrid</Filter>
    </ClCompile>
    <ClCompile Include="UltimateGrid\Source\UGMultiS.cpp">
      <Filter>Source Files\UltimateGrid</Filter>
    </ClCompile>
    <ClCompile Include="UltimateGrid\Source\ugprint.cpp">
      <Filter>Source Files\UltimateGrid</Filter>
    </ClCompile>
    <ClCompile Include="UltimateGrid\Source\ugptrlst.cpp">
      <Filter>Source Files\UltimateGrid</Filter>
    </ClCompile>
    <ClCompile Include="UltimateGrid\Source\ugsidehd.cpp">
      <Filter>Source Files\UltimateGrid</Filter>
    </ClCompile>
    <ClCompile Include="UltimateGrid\Source\UGStrOp.cpp">
      <Filter>Source Files\UltimateGrid</Filter>
    </ClCompile>
    <ClCompile Include="UltimateGrid\Source\ugtab.cpp">
      <Filter>Source Files\UltimateGrid</Filter>
    </ClCompile>
    <ClCompile Include="UltimateGrid\Source\UGTopHdg.cpp">
      <Filter>Source Files\UltimateGrid</Filter>
    </ClCompile>
    <ClCompile Include="UltimateGrid\Source\ugvscrol.cpp">
      <Filter>Source Files\UltimateGrid</Filter>
    </ClCompile>
    <ClCompile Include="UltimateGrid\Source\UGXPThemes.cpp">
      <Filter>Source Files\UltimateGrid</Filter>
    </ClCompile>
    <ClCompile Include="DlgWnd.cpp">
      <Filter>Source Files</Filter>
    </ClCompile>
    <ClCompile Include="DirEdit.cpp">
      <Filter>Source Files</Filter>
    </ClCompile>
    <ClCompile Include="EntityTemplMap.cpp">
      <Filter>Source Files</Filter>
    </ClCompile>
    <ClCompile Include="ViewGroupTemplMap.cpp">
      <Filter>Source Files</Filter>
    </ClCompile>
    <ClCompile Include="ViewTemplMap.cpp">
      <Filter>Source Files</Filter>
    </ClCompile>
    <ClCompile Include="DatabaseTemplMap.cpp">
      <Filter>Source Files</Filter>
    </ClCompile>
    <ClCompile Include="EnvTemplMap.cpp">
      <Filter>Source Files</Filter>
    </ClCompile>
    <ClCompile Include="SystemTemplMap.cpp">
      <Filter>Source Files</Filter>
    </ClCompile>
    <ClCompile Include="ScriptHandlersEntity.cpp">
      <Filter>Source Files</Filter>
    </ClCompile>
    <ClCompile Include="ScriptHandlersComponent.cpp">
      <Filter>Source Files</Filter>
    </ClCompile>
    <ClCompile Include="ScriptHandlersCelSphere.cpp">
      <Filter>Source Files</Filter>
    </ClCompile>
    <ClCompile Include="ScriptHandlersView.cpp">
      <Filter>Source Files</Filter>
    </ClCompile>
    <ClCompile Include="ScriptHandlersSymbol.cpp">
      <Filter>Source Files</Filter>
    </ClCompile>
    <ClCompile Include="ScriptHandlersWeather.cpp">
      <Filter>Source Files</Filter>
    </ClCompile>
    <ClCompile Include="ScriptHandlersLOS.cpp">
      <Filter>Source Files</Filter>
    </ClCompile>
    <ClCompile Include="ScriptHandlersArtPart.cpp">
      <Filter>Source Files</Filter>
    </ClCompile>
    <ClCompile Include="ScriptHandlersMissile.cpp">
      <Filter>Source Files</Filter>
    </ClCompile>
    <ClCompile Include="ScriptHandlersRate.cpp">
      <Filter>Source Files</Filter>
    </ClCompile>
    <ClCompile Include="ScriptHandlersHatHot.cpp">
      <Filter>Source Files</Filter>
    </ClCompile>
    <ClCompile Include="ScriptHandlersAtmosphere.cpp">
      <Filter>Source Files</Filter>
    </ClCompile>
    <ClCompile Include="ScriptHandlersCollision.cpp">
      <Filter>Source Files</Filter>
    </ClCompile>
    <ClCompile Include="ScriptHandlersWaypoint.cpp">
      <Filter>Source Files</Filter>
    </ClCompile>
    <ClCompile Include="..\cigi4.cpp">
      <Filter>Source Files</Filter>
    </ClCompile>
    <ClCompile Include="..\CigiProtocolAdapter.cpp">
      <Filter>Source Files</Filter>
    </ClCompile>
    <ClCompile Include="..\CigiProtocolVersion.cpp">
      <Filter>Source Files</Filter>
    </ClCompile>
    <ClCompile Include="..\protocol\cigi3\Cigi3Api.cpp">
      <Filter>Source Files</Filter>
    </ClCompile>
    <ClCompile Include="PacketDlgEntityPosition.cpp">
      <Filter>Source Files</Filter>
    </ClCompile>
    <ClCompile Include="PacketDlgAnimationControl.cpp">
      <Filter>Source Files</Filter>
    </ClCompile>
    <ClCompile Include="PacketDlgCCEntityPosition.cpp">
      <Filter>Source Files</Filter>
    </ClCompile>
    <ClCompile Include="PacketDlgVelocityControl.cpp">
      <Filter>Source Files</Filter>
    </ClCompile>
    <ClCompile Include="PacketDlgAccelerationControl.cpp">
      <Filter>Source Files</Filter>
    </ClCompile>
    <ClCompile Include="PacketDlgSymbolPolygonDef.cpp">
      <Filter>Source Files</Filter>
    </ClCompile>
    <ClCompile Include="PacketDlgSymbolTexturedCircleDef.cpp">
      <Filter>Source Files</Filter>
    </ClCompile>
    <ClCompile Include="PacketDlgSymbolTexturedPolygonDef.cpp">
      <Filter>Source Files</Filter>
    </ClCompile>
    <ClCompile Include="SymbolPolygonGrid.cpp">
      <Filter>Source Files</Filter>
    </ClCompile>
    <ClCompile Include="SymbolTexturedCircleGrid.cpp">
      <Filter>Source Files</Filter>
    </ClCompile>
    <ClCompile Include="SymbolTexturedPolygonGrid.cpp">
      <Filter>Source Files</Filter>
    </ClCompile>
    <ClCompile Include="OldDialog.cpp">
      <Filter>Source Files</Filter>
    </ClCompile>
  </ItemGroup>
  <ItemGroup>
    <None Include="res\ConfigToolbar.bmp">
      <Filter>Resource Files</Filter>
    </None>
    <None Include="res\cursor1.cur">
      <Filter>Resource Files</Filter>
    </None>
    <None Include="res\entity_t.bmp">
      <Filter>Resource Files</Filter>
    </None>
    <None Include="res\hemu.ico">
      <Filter>Resource Files</Filter>
    </None>
    <None Include="res\Hemu4.ico">
      <Filter>Resource Files</Filter>
    </None>
    <None Include="res\Hemu4.rc2">
      <Filter>Resource Files</Filter>
    </None>
    <None Include="res\HemuDoc.ico">
      <Filter>Resource Files</Filter>
    </None>
    <None Include="res\icon1.ico">
      <Filter>Resource Files</Filter>
    </None>
    <None Include="res\icon_pla.ico">
      <Filter>Resource Files</Filter>
    </None>
    <None Include="res\icon_rec.ico">
      <Filter>Resource Files</Filter>
    </None>
    <None Include="res\icons.bmp">
      <Filter>Resource Files</Filter>
    </None>
    <None Include="res\loop.ico">
      <Filter>Resource Files</Filter>
    </None>
    <None Include="res\mainfram.bmp">
      <Filter>Resource Files</Filter>
    </None>
    <None Include="res\pause.ico">
      <Filter>Resource Files</Filter>
    </None>
    <None Include="res\stop.ico">
      <Filter>Resource Files</Filter>
    </None>
    <None Include="res\Toolbar.bmp">
      <Filter>Resource Files</Filter>
    </None>
    <None Include="res\toolbar1.bmp">
      <Filter>Resource Files</Filter>
    </None>
    <None Include="res\viewdef1.bmp">
      <Filter>Resource Files</Filter>
    </None>
    <None Include="res\viewdef2.bmp">
      <Filter>Resource Files</Filter>
    </None>
    <None Include="..\Change History.txt" />
    <None Include="Hemu4.reg" />
    <None Include="ReadMe.txt" />
    <None Include="..\app\config\external_tabs.ini">
      <Filter>Runtime Configuration</Filter>
    </None>
    <None Include="..\app\config\default\Entities.def">
      <Filter>Runtime Configuration</Filter>
    </None>
    <None Include="..\app\config\default\Environment.def">
      <Filter>Runtime Configuration</Filter>
    </None>
    <None Include="..\app\config\default\System.def">
      <Filter>Runtime Configuration</Filter>
    </None>
    <None Include="..\app\config\default\Terrain.def">
      <Filter>Runtime Configuration</Filter>
    </None>
    <None Include="..\app\config\default\Views.def">
      <Filter>Runtime Configuration</Filter>
    </None>
    <None Include="..\app\scenarios\MyOwnship.sf4">
      <Filter>Runtime Scenarios</Filter>
    </None>
    <None Include="hlp\Table of Contents.hhc">
      <Filter>Help Files</Filter>
    </None>
  </ItemGroup>
  <ItemGroup>
    <ResourceCompile Include="Hemu4.rc">
      <Filter>Source Files</Filter>
    </ResourceCompile>
  </ItemGroup>
  <ItemGroup>
    <ClInclude Include="AddEntityDlg.h">
      <Filter>Header Files</Filter>
    </ClInclude>
    <ClInclude Include="ArtPart.h">
      <Filter>Header Files</Filter>
    </ClInclude>
    <ClInclude Include="AttachPoint.h">
      <Filter>Header Files</Filter>
    </ClInclude>
    <ClInclude Include="BaseCompPropPage.h">
      <Filter>Header Files</Filter>
    </ClInclude>
    <ClInclude Include="BaseStateView.h">
      <Filter>Header Files</Filter>
    </ClInclude>
    <ClInclude Include="..\cas.h">
      <Filter>Header Files</Filter>
    </ClInclude>
    <ClInclude Include="CheckList.h">
      <Filter>Header Files</Filter>
    </ClInclude>
    <ClInclude Include="CigiEvent.h">
      <Filter>Header Files</Filter>
    </ClInclude>
    <ClInclude Include="CigiView.h">
      <Filter>Header Files</Filter>
    </ClInclude>
    <ClInclude Include="CollisionSeg.h">
      <Filter>Header Files</Filter>
    </ClInclude>
    <ClInclude Include="CollisionVol.h">
      <Filter>Header Files</Filter>
    </ClInclude>
    <ClInclude Include="..\ComboBoxVariant.h">
      <Filter>Header Files</Filter>
    </ClInclude>
    <ClInclude Include="..\common.h">
      <Filter>Header Files</Filter>
    </ClInclude>
    <ClInclude Include="Component.h">
      <Filter>Header Files</Filter>
    </ClInclude>
    <ClInclude Include="ConfigDlg.h">
      <Filter>Header Files</Filter>
    </ClInclude>
    <ClInclude Include="ConfigTempl.h">
      <Filter>Header Files</Filter>
    </ClInclude>
    <ClInclude Include="ConfigTemplArtPart.h">
      <Filter>Header Files</Filter>
    </ClInclude>
    <ClInclude Include="ConfigTemplAttachPoint.h">
      <Filter>Header Files</Filter>
    </ClInclude>
    <ClInclude Include="ConfigTemplCollisionSeg.h">
      <Filter>Header Files</Filter>
    </ClInclude>
    <ClInclude Include="ConfigTemplCollisionVol.h">
      <Filter>Header Files</Filter>
    </ClInclude>
    <ClInclude Include="ConfigTemplComponent.h">
      <Filter>Header Files</Filter>
    </ClInclude>
    <ClInclude Include="ConfigTemplDatabase.h">
      <Filter>Header Files</Filter>
    </ClInclude>
    <ClInclude Include="ConfigTemplEntity.h">
      <Filter>Header Files</Filter>
    </ClInclude>
    <ClInclude Include="ConfigTemplGlobalEnv.h">
      <Filter>Header Files</Filter>
    </ClInclude>
    <ClInclude Include="ConfigTemplInternal.h">
      <Filter>Header Files</Filter>
    </ClInclude>
    <ClInclude Include="ConfigTemplView.h">
      <Filter>Header Files</Filter>
    </ClInclude>
    <ClInclude Include="ConfigTemplViewGroup.h">
      <Filter>Header Files</Filter>
    </ClInclude>
    <ClInclude Include="ConfigTemplWeather.h">
      <Filter>Header Files</Filter>
    </ClInclude>
    <ClInclude Include="ConfigWnd.h">
      <Filter>Header Files</Filter>
    </ClInclude>
    <ClInclude Include="..\coordcnv\coordcnv.h">
      <Filter>Header Files</Filter>
    </ClInclude>
    <ClInclude Include="DataManager.h">
      <Filter>Header Files</Filter>
    </ClInclude>
    <ClInclude Include="DBDialogBar.h">
      <Filter>Header Files</Filter>
    </ClInclude>
    <ClInclude Include="DebugTrace.h">
      <Filter>Header Files</Filter>
    </ClInclude>
    <ClInclude Include="..\DirDialog.h">
      <Filter>Header Files</Filter>
    </ClInclude>
    <ClInclude Include="DlgConfigBase.h">
      <Filter>Header Files</Filter>
    </ClInclude>
    <ClInclude Include="DlgConfigEntities.h">
      <Filter>Header Files</Filter>
    </ClInclude>
    <ClInclude Include="DlgConfigEnv.h">
      <Filter>Header Files</Filter>
    </ClInclude>
    <ClInclude Include="DlgConfigTerrain.h">
      <Filter>Header Files</Filter>
    </ClInclude>
    <ClInclude Include="DlgConfigViews.h">
      <Filter>Header Files</Filter>
    </ClInclude>
    <ClInclude Include="EditKbd.h">
      <Filter>Header Files</Filter>
    </ClInclude>
    <ClInclude Include="Entity.h">
      <Filter>Header Files</Filter>
    </ClInclude>
    <ClInclude Include="EntityArtPartPropPage.h">
      <Filter>Header Files</Filter>
    </ClInclude>
    <ClInclude Include="EntityCollDetPropPage.h">
      <Filter>Header Files</Filter>
    </ClInclude>
    <ClInclude Include="EntityHATPropPage.h">
      <Filter>Header Files</Filter>
    </ClInclude>
    <ClInclude Include="EntityLOSPropPage.h">
      <Filter>Header Files</Filter>
    </ClInclude>
    <ClInclude Include="EntityMissilePropPage.h">
      <Filter>Header Files</Filter>
    </ClInclude>
    <ClInclude Include="EntityStateView.h">
      <Filter>Header Files</Filter>
    </ClInclude>
    <ClInclude Include="EntityTreeView.h">
      <Filter>Header Files</Filter>
    </ClInclude>
    <ClInclude Include="EntityWeatherPropPage.h">
      <Filter>Header Files</Filter>
    </ClInclude>
    <ClInclude Include="EnvTreeView.h">
      <Filter>Header Files</Filter>
    </ClInclude>
    <ClInclude Include="FilterIncomingDlg.h">
      <Filter>Header Files</Filter>
    </ClInclude>
    <ClInclude Include="FilterOutgoingDlg.h">
      <Filter>Header Files</Filter>
    </ClInclude>
    <ClInclude Include="FilterPacketsDlg.h">
      <Filter>Header Files</Filter>
    </ClInclude>
    <ClInclude Include="FlyDlg.h">
      <Filter>Header Files</Filter>
    </ClInclude>
    <ClInclude Include="JoystickInput.h">
      <Filter>Header Files</Filter>
    </ClInclude>
    <ClInclude Include="GlobalEnv.h">
      <Filter>Header Files</Filter>
    </ClInclude>
    <ClInclude Include="globals.h">
      <Filter>Header Files</Filter>
    </ClInclude>
    <ClInclude Include="Hat.h">
      <Filter>Header Files</Filter>
    </ClInclude>
    <ClInclude Include="Hemu4.h">
      <Filter>Header Files</Filter>
    </ClInclude>
    <ClInclude Include="HemuDoc.h">
      <Filter>Header Files</Filter>
    </ClInclude>
    <ClInclude Include="..\hemumsg.h">
      <Filter>Header Files</Filter>
    </ClInclude>
    <ClInclude Include="HemuView.h">
      <Filter>Header Files</Filter>
    </ClInclude>
    <ClInclude Include="HistoryGraph.h">
      <Filter>Header Files</Filter>
    </ClInclude>
    <ClInclude Include="IDManager.h">
      <Filter>Header Files</Filter>
    </ClInclude>
    <ClInclude Include="JoyWnd.h">
      <Filter>Header Files</Filter>
    </ClInclude>
    <ClInclude Include="..\LinkedList.h">
      <Filter>Header Files</Filter>
    </ClInclude>
    <ClInclude Include="ListCtrlCustDraw.h">
      <Filter>Header Files</Filter>
    </ClInclude>
    <ClInclude Include="Los.h">
      <Filter>Header Files</Filter>
    </ClInclude>
    <ClInclude Include="MainFrm.h">
      <Filter>Header Files</Filter>
    </ClInclude>
    <ClInclude Include="MessageView.h">
      <Filter>Header Files</Filter>
    </ClInclude>
    <ClInclude Include="MissionFuncObj.h">
      <Filter>Header Files</Filter>
    </ClInclude>
    <ClInclude Include="NoMWComboBox.h">
      <Filter>Header Files</Filter>
    </ClInclude>
    <ClInclude Include="NoMWComboBoxEx.h">
      <Filter>Header Files</Filter>
    </ClInclude>
    <ClInclude Include="ObjectStateView.h">
      <Filter>Header Files</Filter>
    </ClInclude>
    <ClInclude Include="ObjectTreeView.h">
      <Filter>Header Files</Filter>
    </ClInclude>
    <ClInclude Include="ExternalTabConfig.h">
      <Filter>Header Files</Filter>
    </ClInclude>
    <ClInclude Include="ExternalToolHostPage.h">
      <Filter>Header Files</Filter>
    </ClInclude>
    <ClInclude Include="OutputView.h">
      <Filter>Header Files</Filter>
    </ClInclude>
    <ClInclude Include="PacketDlgArtpartControl.h">
      <Filter>Header Files</Filter>
    </ClInclude>
    <ClInclude Include="PacketDlgAtmosphereControl.h">
      <Filter>Header Files</Filter>
    </ClInclude>
    <ClInclude Include="PacketDlgCCEntityControl.h">
      <Filter>Header Files</Filter>
    </ClInclude>
    <ClInclude Include="PacketDlgCdSegmentDef.h">
      <Filter>Header Files</Filter>
    </ClInclude>
    <ClInclude Include="PacketDlgCdVolumeDef.h">
      <Filter>Header Files</Filter>
    </ClInclude>
    <ClInclude Include="PacketDlgCelestialSphereControl.h">
      <Filter>Header Files</Filter>
    </ClInclude>
    <ClInclude Include="PacketDlgComponentControl.h">
      <Filter>Header Files</Filter>
    </ClInclude>
    <ClInclude Include="PacketDlgEntityControl.h">
      <Filter>Header Files</Filter>
    </ClInclude>
    <ClInclude Include="PacketDlgEnvConditionsReq.h">
      <Filter>Header Files</Filter>
    </ClInclude>
    <ClInclude Include="PacketDlgEnvRegionControl.h">
      <Filter>Header Files</Filter>
    </ClInclude>
    <ClInclude Include="PacketDlgERMDef.h">
      <Filter>Header Files</Filter>
    </ClInclude>
    <ClInclude Include="PacketDlgHatHotReq.h">
      <Filter>Header Files</Filter>
    </ClInclude>
    <ClInclude Include="PacketDlgIGControl.h">
      <Filter>Header Files</Filter>
    </ClInclude>
    <ClInclude Include="PacketDlgLosSegmentReq.h">
      <Filter>Header Files</Filter>
    </ClInclude>
    <ClInclude Include="PacketDlgLosVectorReq.h">
      <Filter>Header Files</Filter>
    </ClInclude>
    <ClInclude Include="PacketDlgMaritimeCondControl.h">
      <Filter>Header Files</Filter>
    </ClInclude>
    <ClInclude Include="PacketDlgMotionTrackerControl.h">
      <Filter>Header Files</Filter>
    </ClInclude>
    <ClInclude Include="PacketDlgPositionReq.h">
      <Filter>Header Files</Filter>
    </ClInclude>
    <ClInclude Include="PacketDlgSensorControl.h">
      <Filter>Header Files</Filter>
    </ClInclude>
    <ClInclude Include="PacketDlgShortArtpartControl.h">
      <Filter>Header Files</Filter>
    </ClInclude>
    <ClInclude Include="PacketDlgShortComponentControl.h">
      <Filter>Header Files</Filter>
    </ClInclude>
    <ClInclude Include="PacketDlgShortSymbolControl.h">
      <Filter>Header Files</Filter>
    </ClInclude>
    <ClInclude Include="PacketDlgSymbolCircleDef.h">
      <Filter>Header Files</Filter>
    </ClInclude>
    <ClInclude Include="PacketDlgSymbolClone.h">
      <Filter>Header Files</Filter>
    </ClInclude>
    <ClInclude Include="PacketDlgSymbolControl.h">
      <Filter>Header Files</Filter>
    </ClInclude>
    <ClInclude Include="PacketDlgSymbolSurfaceDef.h">
      <Filter>Header Files</Filter>
    </ClInclude>
    <ClInclude Include="PacketDlgSymbolTextDef.h">
      <Filter>Header Files</Filter>
    </ClInclude>
    <ClInclude Include="PacketDlgTerrestrialCondControl.h">
      <Filter>Header Files</Filter>
    </ClInclude>
    <ClInclude Include="PacketDlgViewControl.h">
      <Filter>Header Files</Filter>
    </ClInclude>
    <ClInclude Include="PacketDlgViewDef.h">
      <Filter>Header Files</Filter>
    </ClInclude>
    <ClInclude Include="PacketDlgWaveControl.h">
      <Filter>Header Files</Filter>
    </ClInclude>
    <ClInclude Include="PacketDlgWeatherControl.h">
      <Filter>Header Files</Filter>
    </ClInclude>
    <ClInclude Include="PacketHandlers.h">
      <Filter>Header Files</Filter>
    </ClInclude>
    <ClInclude Include="PacketViewListCtrl.h">
      <Filter>Header Files</Filter>
    </ClInclude>
    <ClInclude Include="PacketWatchView.h">
      <Filter>Header Files</Filter>
    </ClInclude>
    <ClInclude Include="RadioList.h">
      <Filter>Header Files</Filter>
    </ClInclude>
    <ClInclude Include="RecPlaybackDlg.h">
      <Filter>Header Files</Filter>
    </ClInclude>
    <ClInclude Include="..\regutils.h">
      <Filter>Header Files</Filter>
    </ClInclude>
    <ClInclude Include="..\WindowsCompatibility.h">
      <Filter>Header Files</Filter>
    </ClInclude>
    <ClInclude Include="..\SharedBufferQueue.h">
      <Filter>Header Files</Filter>
    </ClInclude>
    <ClInclude Include="..\SharedObject.h">
      <Filter>Header Files</Filter>
    </ClInclude>
    <ClInclude Include="Script.h">
      <Filter>Header Files</Filter>
    </ClInclude>
    <ClInclude Include="ScriptDlg.h">
      <Filter>Header Files</Filter>
    </ClInclude>
    <ClInclude Include="SetupDlg.h">
      <Filter>Header Files</Filter>
    </ClInclude>
    <ClInclude Include="..\SharedEntityObj.h">
      <Filter>Header Files</Filter>
    </ClInclude>
    <ClInclude Include="..\SharedViewGroupObj.h">
      <Filter>Header Files</Filter>
    </ClInclude>
    <ClInclude Include="..\SharedViewObj.h">
      <Filter>Header Files</Filter>
    </ClInclude>
    <ClInclude Include="SheetTabCtrl.h">
      <Filter>Header Files</Filter>
    </ClInclude>
    <ClInclude Include="SituationDispCtrl.h">
      <Filter>Header Files</Filter>
    </ClInclude>
    <ClInclude Include="SituationView.h">
      <Filter>Header Files</Filter>
    </ClInclude>
    <ClInclude Include="SkyStateView.h">
      <Filter>Header Files</Filter>
    </ClInclude>
    <ClInclude Include="StdAfx.h">
      <Filter>Header Files</Filter>
    </ClInclude>
    <ClInclude Include="SymbolCircleGrid.h">
      <Filter>Header Files</Filter>
    </ClInclude>
    <ClInclude Include="TerrainCondition.h">
      <Filter>Header Files</Filter>
    </ClInclude>
    <ClInclude Include="TerrainDB.h">
      <Filter>Header Files</Filter>
    </ClInclude>
    <ClInclude Include="TerrainStateView.h">
      <Filter>Header Files</Filter>
    </ClInclude>
    <ClInclude Include="TimingHistoryDlg.h">
      <Filter>Header Files</Filter>
    </ClInclude>
    <ClInclude Include="TranspStatic.h">
      <Filter>Header Files</Filter>
    </ClInclude>
    <ClInclude Include="TreeCtrlPassMsgs.h">
      <Filter>Header Files</Filter>
    </ClInclude>
    <ClInclude Include="..\TSQueue.h">
      <Filter>Header Files</Filter>
    </ClInclude>
    <ClInclude Include="ViewFrustumPropPage.h">
      <Filter>Header Files</Filter>
    </ClInclude>
    <ClInclude Include="ViewGroup.h">
      <Filter>Header Files</Filter>
    </ClInclude>
    <ClInclude Include="ViewGroupStateView.h">
      <Filter>Header Files</Filter>
    </ClInclude>
    <ClInclude Include="ViewStateView.h">
      <Filter>Header Files</Filter>
    </ClInclude>
    <ClInclude Include="ViewTreeView.h">
      <Filter>Header Files</Filter>
    </ClInclude>
    <ClInclude Include="Wave.h">
      <Filter>Header Files</Filter>
    </ClInclude>
    <ClInclude Include="Waypoint.h">
      <Filter>Header Files</Filter>
    </ClInclude>
    <ClInclude Include="Weather.h">
      <Filter>Header Files</Filter>
    </ClInclude>
    <ClInclude Include="WeatherStateView.h">
      <Filter>Header Files</Filter>
    </ClInclude>
    <ClInclude Include="DlgWnd.h">
      <Filter>Header Files</Filter>
    </ClInclude>
    <ClInclude Include="DirEdit.h">
      <Filter>Header Files</Filter>
    </ClInclude>
    <ClInclude Include="EntityTemplMap.h">
      <Filter>Header Files</Filter>
    </ClInclude>
    <ClInclude Include="TemplMap.h">
      <Filter>Header Files</Filter>
    </ClInclude>
    <ClInclude Include="ViewGroupTemplMap.h">
      <Filter>Header Files</Filter>
    </ClInclude>
    <ClInclude Include="ViewTemplMap.h">
      <Filter>Header Files</Filter>
    </ClInclude>
    <ClInclude Include="DatabaseTemplMap.h">
      <Filter>Header Files</Filter>
    </ClInclude>
    <ClInclude Include="EnvTemplMap.h">
      <Filter>Header Files</Filter>
    </ClInclude>
    <ClInclude Include="SystemTemplMap.h">
      <Filter>Header Files</Filter>
    </ClInclude>
    <ClInclude Include="..\cigi4.h">
      <Filter>Header Files</Filter>
    </ClInclude>
    <ClInclude Include="..\cigi4types.h">
      <Filter>Header Files</Filter>
    </ClInclude>
    <ClInclude Include="..\CigiProtocolAdapter.h">
      <Filter>Header Files</Filter>
    </ClInclude>
    <ClInclude Include="..\CigiProtocolVersion.h">
      <Filter>Header Files</Filter>
    </ClInclude>
    <ClInclude Include="..\protocol\cigi3\Cigi3Api.h">
      <Filter>Header Files</Filter>
    </ClInclude>
    <ClInclude Include="PacketDlgEntityPosition.h">
      <Filter>Header Files</Filter>
    </ClInclude>
    <ClInclude Include="PacketDlgAnimationControl.h">
      <Filter>Header Files</Filter>
    </ClInclude>
    <ClInclude Include="PacketDlgCCEntityPosition.h">
      <Filter>Header Files</Filter>
    </ClInclude>
    <ClInclude Include="PacketDlgVelocityControl.h">
      <Filter>Header Files</Filter>
    </ClInclude>
    <ClInclude Include="PacketDlgAccelerationControl.h">
      <Filter>Header Files</Filter>
    </ClInclude>
    <ClInclude Include="PacketDlgSymbolPolygonDef.h">
      <Filter>Header Files</Filter>
    </ClInclude>
    <ClInclude Include="PacketDlgSymbolTexturedCircleDef.h">
      <Filter>Header Files</Filter>
    </ClInclude>
    <ClInclude Include="PacketDlgSymbolTexturedPolygonDef.h">
      <Filter>Header Files</Filter>
    </ClInclude>
    <ClInclude Include="SymbolPolygonGrid.h">
      <Filter>Header Files</Filter>
    </ClInclude>
    <ClInclude Include="SymbolTexturedCircleGrid.h">
      <Filter>Header Files</Filter>
    </ClInclude>
    <ClInclude Include="SymbolTexturedPolygonGrid.h">
      <Filter>Header Files</Filter>
    </ClInclude>
    <ClInclude Include="OldDialog.h">
      <Filter>Header Files</Filter>
    </ClInclude>
  </ItemGroup>
  <ItemGroup>
    <CustomBuild Include="Resource.h">
      <Filter>Header Files</Filter>
    </CustomBuild>
    <CustomBuild Include="hlp\Hemu4.hhp">
      <Filter>Help Files</Filter>
    </CustomBuild>
  </ItemGroup>
</Project>
